// !$*UTF8*$!
{
	archiveVersion = 1;
	classes = {
	};
	objectVersion = 51;
	objects = {

/* Begin PBXBuildFile section */
		02AC025ECB2F25A725644A38 /* Pods_PitchTests.framework in Frameworks */ = {isa = PBXBuildFile; fileRef = E77442B328194BAFFF8027B4 /* Pods_PitchTests.framework */; };
		06A909B122DFDA4000CD2969 /* GoogleService-Info.plist in Resources */ = {isa = PBXBuildFile; fileRef = 06A909B022DFDA4000CD2969 /* GoogleService-Info.plist */; };
		06A909B422E2300E00CD2969 /* Poll.m in Sources */ = {isa = PBXBuildFile; fileRef = 06A909B322E2300E00CD2969 /* Poll.m */; };
		06A909B822E6792300CD2969 /* EventTitleCell.m in Sources */ = {isa = PBXBuildFile; fileRef = 06A909B622E6792300CD2969 /* EventTitleCell.m */; };
		06A909B922E6792300CD2969 /* EventTitleCell.xib in Resources */ = {isa = PBXBuildFile; fileRef = 06A909B722E6792300CD2969 /* EventTitleCell.xib */; };
		06A909C222E67A0500CD2969 /* LocationCell.m in Sources */ = {isa = PBXBuildFile; fileRef = 06A909C022E67A0500CD2969 /* LocationCell.m */; };
		06A909C322E67A0500CD2969 /* LocationCell.xib in Resources */ = {isa = PBXBuildFile; fileRef = 06A909C122E67A0500CD2969 /* LocationCell.xib */; };
		06A909C722E67A2200CD2969 /* PollsTitleCell.m in Sources */ = {isa = PBXBuildFile; fileRef = 06A909C522E67A2200CD2969 /* PollsTitleCell.m */; };
		06A909C822E67A2200CD2969 /* PollsTitleCell.xib in Resources */ = {isa = PBXBuildFile; fileRef = 06A909C622E67A2200CD2969 /* PollsTitleCell.xib */; };
		06A909CC22E67A3500CD2969 /* CustomPollCell.m in Sources */ = {isa = PBXBuildFile; fileRef = 06A909CA22E67A3500CD2969 /* CustomPollCell.m */; };
		06A909CD22E67A3500CD2969 /* CustomPollCell.xib in Resources */ = {isa = PBXBuildFile; fileRef = 06A909CB22E67A3500CD2969 /* CustomPollCell.xib */; };
		06A909D322E7B5DC00CD2969 /* CreateEventViewController.m in Sources */ = {isa = PBXBuildFile; fileRef = 06A909D122E7B5DC00CD2969 /* CreateEventViewController.m */; };
		06A909D422E7B5DC00CD2969 /* CreateEventViewController.xib in Resources */ = {isa = PBXBuildFile; fileRef = 06A909D222E7B5DC00CD2969 /* CreateEventViewController.xib */; };
		181FEAF8C20A861EEE46EA31 /* Pods_Pitch.framework in Frameworks */ = {isa = PBXBuildFile; fileRef = 02D745D9339DDF102F5764B6 /* Pods_Pitch.framework */; };
		5E0564BD2DE1E80B0B62790F /* Pods_PitchUITests.framework in Frameworks */ = {isa = PBXBuildFile; fileRef = AA7A4CB52FA959324F5E08BB /* Pods_PitchUITests.framework */; };
		780DB2DC22E6D02200B78516 /* DataHandling.m in Sources */ = {isa = PBXBuildFile; fileRef = 780DB2DB22E6D02200B78516 /* DataHandling.m */; };
		780DB2E622E92FD700B78516 /* CoreLocation.framework in Frameworks */ = {isa = PBXBuildFile; fileRef = 780DB2E522E92FD700B78516 /* CoreLocation.framework */; };
		780DB2E922EA12D200B78516 /* EventAnnotation.m in Sources */ = {isa = PBXBuildFile; fileRef = 780DB2E822EA12D200B78516 /* EventAnnotation.m */; };
		780DB2ED22EA24D800B78516 /* EventDetailsViewController.m in Sources */ = {isa = PBXBuildFile; fileRef = 780DB2EB22EA24D800B78516 /* EventDetailsViewController.m */; };
		780DB2F022EA6A8200B78516 /* EventDetails.storyboard in Resources */ = {isa = PBXBuildFile; fileRef = 780DB2EF22EA6A8200B78516 /* EventDetails.storyboard */; };
		781A941622ECB184002966B5 /* UserInSession.m in Sources */ = {isa = PBXBuildFile; fileRef = 781A941522ECB184002966B5 /* UserInSession.m */; };
		78FC04B522E17C640049E0BD /* User.m in Sources */ = {isa = PBXBuildFile; fileRef = 78FC04B422E17C640049E0BD /* User.m */; };
		78FC04B822E17C700049E0BD /* Event.m in Sources */ = {isa = PBXBuildFile; fileRef = 78FC04B722E17C700049E0BD /* Event.m */; };
		C127D52722DFE699009963B0 /* ExploreViewController.m in Sources */ = {isa = PBXBuildFile; fileRef = C127D52522DFE699009963B0 /* ExploreViewController.m */; };
		C127D52822DFE699009963B0 /* ExploreViewController.xib in Resources */ = {isa = PBXBuildFile; fileRef = C127D52622DFE699009963B0 /* ExploreViewController.xib */; };
		C127D52C22DFE6A3009963B0 /* UserViewController.m in Sources */ = {isa = PBXBuildFile; fileRef = C127D52A22DFE6A3009963B0 /* UserViewController.m */; };
		C127D52D22DFE6A3009963B0 /* UserViewController.xib in Resources */ = {isa = PBXBuildFile; fileRef = C127D52B22DFE6A3009963B0 /* UserViewController.xib */; };
		C138EDDC22DFAD9F00AAA0D0 /* AppDelegate.m in Sources */ = {isa = PBXBuildFile; fileRef = C138EDDB22DFAD9F00AAA0D0 /* AppDelegate.m */; };
		C138EDDF22DFAD9F00AAA0D0 /* MasterViewController.m in Sources */ = {isa = PBXBuildFile; fileRef = C138EDDE22DFAD9F00AAA0D0 /* MasterViewController.m */; };
		C138EDE222DFAD9F00AAA0D0 /* Main.storyboard in Resources */ = {isa = PBXBuildFile; fileRef = C138EDE022DFAD9F00AAA0D0 /* Main.storyboard */; };
		C138EDE422DFAD9F00AAA0D0 /* Assets.xcassets in Resources */ = {isa = PBXBuildFile; fileRef = C138EDE322DFAD9F00AAA0D0 /* Assets.xcassets */; };
		C138EDE722DFAD9F00AAA0D0 /* LaunchScreen.storyboard in Resources */ = {isa = PBXBuildFile; fileRef = C138EDE522DFAD9F00AAA0D0 /* LaunchScreen.storyboard */; };
		C138EDEA22DFAD9F00AAA0D0 /* main.m in Sources */ = {isa = PBXBuildFile; fileRef = C138EDE922DFAD9F00AAA0D0 /* main.m */; };
		C138EDF422DFAD9F00AAA0D0 /* PitchTests.m in Sources */ = {isa = PBXBuildFile; fileRef = C138EDF322DFAD9F00AAA0D0 /* PitchTests.m */; };
		C138EDFF22DFAD9F00AAA0D0 /* PitchUITests.m in Sources */ = {isa = PBXBuildFile; fileRef = C138EDFE22DFAD9F00AAA0D0 /* PitchUITests.m */; };
		C14E19ED22E23B8B00883CFB /* VibesCell.m in Sources */ = {isa = PBXBuildFile; fileRef = C14E19EB22E23B8B00883CFB /* VibesCell.m */; };
		C14E19EE22E23B8B00883CFB /* VibesCell.xib in Resources */ = {isa = PBXBuildFile; fileRef = C14E19EC22E23B8B00883CFB /* VibesCell.xib */; };
		C14E19F522E23BD000883CFB /* DistanceCell.m in Sources */ = {isa = PBXBuildFile; fileRef = C14E19F322E23BD000883CFB /* DistanceCell.m */; };
		C14E19F622E23BD000883CFB /* DistanceCell.xib in Resources */ = {isa = PBXBuildFile; fileRef = C14E19F422E23BD000883CFB /* DistanceCell.xib */; };
		C14E19FA22E23BE200883CFB /* NumberOfPeopleCell.m in Sources */ = {isa = PBXBuildFile; fileRef = C14E19F822E23BE200883CFB /* NumberOfPeopleCell.m */; };
		C14E19FB22E23BE200883CFB /* NumberOfPeopleCell.xib in Resources */ = {isa = PBXBuildFile; fileRef = C14E19F922E23BE200883CFB /* NumberOfPeopleCell.xib */; };
		C14E19FF22E23BF000883CFB /* AgeCell.m in Sources */ = {isa = PBXBuildFile; fileRef = C14E19FD22E23BF000883CFB /* AgeCell.m */; };
		C14E1A0022E23BF000883CFB /* AgeCell.xib in Resources */ = {isa = PBXBuildFile; fileRef = C14E19FE22E23BF000883CFB /* AgeCell.xib */; };
		C14E1A0422E2768B00883CFB /* CustomCollectionViewCell.m in Sources */ = {isa = PBXBuildFile; fileRef = C14E1A0222E2768B00883CFB /* CustomCollectionViewCell.m */; };
		C14E1A0522E2768B00883CFB /* CustomCollectionViewCell.xib in Resources */ = {isa = PBXBuildFile; fileRef = C14E1A0322E2768B00883CFB /* CustomCollectionViewCell.xib */; };
		C14E1A0822E276F400883CFB /* Vibes.m in Sources */ = {isa = PBXBuildFile; fileRef = C14E1A0722E276F400883CFB /* Vibes.m */; };
		C14E1A0D22E8D52E00883CFB /* LogInViewController.m in Sources */ = {isa = PBXBuildFile; fileRef = C14E1A0C22E8D52E00883CFB /* LogInViewController.m */; };
		C1616DFB22EB6C70004B536B /* BioCell.m in Sources */ = {isa = PBXBuildFile; fileRef = C1616DF922EB6C70004B536B /* BioCell.m */; };
		C1616DFC22EB6C70004B536B /* BioCell.xib in Resources */ = {isa = PBXBuildFile; fileRef = C1616DFA22EB6C70004B536B /* BioCell.xib */; };
		C1616E0022EB7322004B536B /* ProfileLinksCell.m in Sources */ = {isa = PBXBuildFile; fileRef = C1616DFE22EB7322004B536B /* ProfileLinksCell.m */; };
		C1616E0122EB7322004B536B /* ProfileLinksCell.xib in Resources */ = {isa = PBXBuildFile; fileRef = C1616DFF22EB7322004B536B /* ProfileLinksCell.xib */; };
		C1616E0522EB920D004B536B /* EventListCell.m in Sources */ = {isa = PBXBuildFile; fileRef = C1616E0322EB920D004B536B /* EventListCell.m */; };
		C1616E0622EB920D004B536B /* EventListCell.xib in Resources */ = {isa = PBXBuildFile; fileRef = C1616E0422EB920D004B536B /* EventListCell.xib */; };
		C1616E0A22EB931F004B536B /* EventsCollectionViewCell.m in Sources */ = {isa = PBXBuildFile; fileRef = C1616E0822EB931F004B536B /* EventsCollectionViewCell.m */; };
		C1616E0B22EB931F004B536B /* EventsCollectionViewCell.xib in Resources */ = {isa = PBXBuildFile; fileRef = C1616E0922EB931F004B536B /* EventsCollectionViewCell.xib */; };
		C1616E0F22EB98C8004B536B /* FirstLastNameCell.m in Sources */ = {isa = PBXBuildFile; fileRef = C1616E0D22EB98C8004B536B /* FirstLastNameCell.m */; };
		C1616E1022EB98C8004B536B /* FirstLastNameCell.xib in Resources */ = {isa = PBXBuildFile; fileRef = C1616E0E22EB98C8004B536B /* FirstLastNameCell.xib */; };
		C1616E3822EF8A7A004B536B /* GothamRounded-Bold.otf in Resources */ = {isa = PBXBuildFile; fileRef = C1616E3722EF8A7A004B536B /* GothamRounded-Bold.otf */; };
		C1616E4022F0A7D2004B536B /* Filters.m in Sources */ = {isa = PBXBuildFile; fileRef = C1616E3F22F0A7D2004B536B /* Filters.m */; };
		C1C3416422F0C21900A09666 /* ApplyFiltersCell.m in Sources */ = {isa = PBXBuildFile; fileRef = C1C3415B22F0C21800A09666 /* ApplyFiltersCell.m */; };
		C1C3416522F0C21900A09666 /* ApplyFiltersCell.xib in Resources */ = {isa = PBXBuildFile; fileRef = C1C3415C22F0C21800A09666 /* ApplyFiltersCell.xib */; };
		C1C3416622F0C21900A09666 /* LogoutCell.m in Sources */ = {isa = PBXBuildFile; fileRef = C1C3415D22F0C21800A09666 /* LogoutCell.m */; };
		C1C3416722F0C21900A09666 /* LogoutCell.xib in Resources */ = {isa = PBXBuildFile; fileRef = C1C3415E22F0C21800A09666 /* LogoutCell.xib */; };
		C1C3416822F0C21900A09666 /* EventPictureCell.m in Sources */ = {isa = PBXBuildFile; fileRef = C1C3415F22F0C21800A09666 /* EventPictureCell.m */; };
		C1C3416922F0C21900A09666 /* EventPictureCell.xib in Resources */ = {isa = PBXBuildFile; fileRef = C1C3416022F0C21800A09666 /* EventPictureCell.xib */; };
		C1C3416D22F0E36500A09666 /* DragCell.m in Sources */ = {isa = PBXBuildFile; fileRef = C1C3416B22F0E36500A09666 /* DragCell.m */; };
		C1C3416E22F0E36500A09666 /* DragCell.xib in Resources */ = {isa = PBXBuildFile; fileRef = C1C3416C22F0E36500A09666 /* DragCell.xib */; };
		C1C3417122F207BA00A09666 /* MusicQueueViewController.m in Sources */ = {isa = PBXBuildFile; fileRef = C1C3417022F207BA00A09666 /* MusicQueueViewController.m */; };
		C1C3417422F2083B00A09666 /* EventGalleryViewController.m in Sources */ = {isa = PBXBuildFile; fileRef = C1C3417322F2083B00A09666 /* EventGalleryViewController.m */; };
		C1C3417722F3533D00A09666 /* SearchResult.m in Sources */ = {isa = PBXBuildFile; fileRef = C1C3417622F3533D00A09666 /* SearchResult.m */; };
		C1C3417E22F4E40800A09666 /* MusicQueueCollectionViewCell.m in Sources */ = {isa = PBXBuildFile; fileRef = C1C3417C22F4E40800A09666 /* MusicQueueCollectionViewCell.m */; };
		C1C3417F22F4E40800A09666 /* MusicQueueCollectionViewCell.xib in Resources */ = {isa = PBXBuildFile; fileRef = C1C3417D22F4E40800A09666 /* MusicQueueCollectionViewCell.xib */; };
		C1C3418222F4E60400A09666 /* Song.m in Sources */ = {isa = PBXBuildFile; fileRef = C1C3418122F4E60400A09666 /* Song.m */; };
		C1C3418622F8A96200A09666 /* MusicQueueTableViewCell.m in Sources */ = {isa = PBXBuildFile; fileRef = C1C3418422F8A96200A09666 /* MusicQueueTableViewCell.m */; };
		C1C3418722F8A96200A09666 /* MusicQueueTableViewCell.xib in Resources */ = {isa = PBXBuildFile; fileRef = C1C3418522F8A96200A09666 /* MusicQueueTableViewCell.xib */; };
		C1C3418922F8ABF600A09666 /* GothamRounded-Medium.otf in Resources */ = {isa = PBXBuildFile; fileRef = C1C3418822F8ABF600A09666 /* GothamRounded-Medium.otf */; };
		C1C3418B22F8AC4800A09666 /* GothamRounded-Book.otf in Resources */ = {isa = PBXBuildFile; fileRef = C1C3418A22F8AC4800A09666 /* GothamRounded-Book.otf */; };
/* End PBXBuildFile section */

/* Begin PBXContainerItemProxy section */
		C138EDF022DFAD9F00AAA0D0 /* PBXContainerItemProxy */ = {
			isa = PBXContainerItemProxy;
			containerPortal = C138EDCF22DFAD9F00AAA0D0 /* Project object */;
			proxyType = 1;
			remoteGlobalIDString = C138EDD622DFAD9F00AAA0D0;
			remoteInfo = Pitch;
		};
		C138EDFB22DFAD9F00AAA0D0 /* PBXContainerItemProxy */ = {
			isa = PBXContainerItemProxy;
			containerPortal = C138EDCF22DFAD9F00AAA0D0 /* Project object */;
			proxyType = 1;
			remoteGlobalIDString = C138EDD622DFAD9F00AAA0D0;
			remoteInfo = Pitch;
		};
/* End PBXContainerItemProxy section */

/* Begin PBXFileReference section */
		02D745D9339DDF102F5764B6 /* Pods_Pitch.framework */ = {isa = PBXFileReference; explicitFileType = wrapper.framework; includeInIndex = 0; path = Pods_Pitch.framework; sourceTree = BUILT_PRODUCTS_DIR; };
		06A909B022DFDA4000CD2969 /* GoogleService-Info.plist */ = {isa = PBXFileReference; fileEncoding = 4; lastKnownFileType = text.plist.xml; path = "GoogleService-Info.plist"; sourceTree = "<group>"; };
		06A909B222E2300E00CD2969 /* Poll.h */ = {isa = PBXFileReference; lastKnownFileType = sourcecode.c.h; path = Poll.h; sourceTree = "<group>"; };
		06A909B322E2300E00CD2969 /* Poll.m */ = {isa = PBXFileReference; lastKnownFileType = sourcecode.c.objc; path = Poll.m; sourceTree = "<group>"; };
		06A909B522E6792300CD2969 /* EventTitleCell.h */ = {isa = PBXFileReference; lastKnownFileType = sourcecode.c.h; path = EventTitleCell.h; sourceTree = "<group>"; };
		06A909B622E6792300CD2969 /* EventTitleCell.m */ = {isa = PBXFileReference; lastKnownFileType = sourcecode.c.objc; path = EventTitleCell.m; sourceTree = "<group>"; };
		06A909B722E6792300CD2969 /* EventTitleCell.xib */ = {isa = PBXFileReference; lastKnownFileType = file.xib; path = EventTitleCell.xib; sourceTree = "<group>"; };
		06A909BF22E67A0500CD2969 /* LocationCell.h */ = {isa = PBXFileReference; lastKnownFileType = sourcecode.c.h; path = LocationCell.h; sourceTree = "<group>"; };
		06A909C022E67A0500CD2969 /* LocationCell.m */ = {isa = PBXFileReference; lastKnownFileType = sourcecode.c.objc; path = LocationCell.m; sourceTree = "<group>"; };
		06A909C122E67A0500CD2969 /* LocationCell.xib */ = {isa = PBXFileReference; lastKnownFileType = file.xib; path = LocationCell.xib; sourceTree = "<group>"; };
		06A909C422E67A2200CD2969 /* PollsTitleCell.h */ = {isa = PBXFileReference; lastKnownFileType = sourcecode.c.h; path = PollsTitleCell.h; sourceTree = "<group>"; };
		06A909C522E67A2200CD2969 /* PollsTitleCell.m */ = {isa = PBXFileReference; lastKnownFileType = sourcecode.c.objc; path = PollsTitleCell.m; sourceTree = "<group>"; };
		06A909C622E67A2200CD2969 /* PollsTitleCell.xib */ = {isa = PBXFileReference; lastKnownFileType = file.xib; path = PollsTitleCell.xib; sourceTree = "<group>"; };
		06A909C922E67A3500CD2969 /* CustomPollCell.h */ = {isa = PBXFileReference; lastKnownFileType = sourcecode.c.h; path = CustomPollCell.h; sourceTree = "<group>"; };
		06A909CA22E67A3500CD2969 /* CustomPollCell.m */ = {isa = PBXFileReference; lastKnownFileType = sourcecode.c.objc; path = CustomPollCell.m; sourceTree = "<group>"; };
		06A909CB22E67A3500CD2969 /* CustomPollCell.xib */ = {isa = PBXFileReference; lastKnownFileType = file.xib; path = CustomPollCell.xib; sourceTree = "<group>"; };
		06A909D022E7B5DC00CD2969 /* CreateEventViewController.h */ = {isa = PBXFileReference; lastKnownFileType = sourcecode.c.h; path = CreateEventViewController.h; sourceTree = "<group>"; };
		06A909D122E7B5DC00CD2969 /* CreateEventViewController.m */ = {isa = PBXFileReference; lastKnownFileType = sourcecode.c.objc; path = CreateEventViewController.m; sourceTree = "<group>"; };
		06A909D222E7B5DC00CD2969 /* CreateEventViewController.xib */ = {isa = PBXFileReference; lastKnownFileType = file.xib; path = CreateEventViewController.xib; sourceTree = "<group>"; };
		0D890758ED881E4EF92ED47C /* Pods-Pitch.debug.xcconfig */ = {isa = PBXFileReference; includeInIndex = 1; lastKnownFileType = text.xcconfig; name = "Pods-Pitch.debug.xcconfig"; path = "Target Support Files/Pods-Pitch/Pods-Pitch.debug.xcconfig"; sourceTree = "<group>"; };
		0DA70478CF425F487B0CDAC3 /* Pods-PitchTests.release.xcconfig */ = {isa = PBXFileReference; includeInIndex = 1; lastKnownFileType = text.xcconfig; name = "Pods-PitchTests.release.xcconfig"; path = "Target Support Files/Pods-PitchTests/Pods-PitchTests.release.xcconfig"; sourceTree = "<group>"; };
		4A1CEDA789C916451CDD6B4A /* Pods-PitchTests.debug.xcconfig */ = {isa = PBXFileReference; includeInIndex = 1; lastKnownFileType = text.xcconfig; name = "Pods-PitchTests.debug.xcconfig"; path = "Target Support Files/Pods-PitchTests/Pods-PitchTests.debug.xcconfig"; sourceTree = "<group>"; };
		780DB2DA22E6D02200B78516 /* DataHandling.h */ = {isa = PBXFileReference; lastKnownFileType = sourcecode.c.h; path = DataHandling.h; sourceTree = "<group>"; };
		780DB2DB22E6D02200B78516 /* DataHandling.m */ = {isa = PBXFileReference; lastKnownFileType = sourcecode.c.objc; path = DataHandling.m; sourceTree = "<group>"; };
		780DB2E522E92FD700B78516 /* CoreLocation.framework */ = {isa = PBXFileReference; lastKnownFileType = wrapper.framework; name = CoreLocation.framework; path = System/Library/Frameworks/CoreLocation.framework; sourceTree = SDKROOT; };
		780DB2E722EA12D200B78516 /* EventAnnotation.h */ = {isa = PBXFileReference; lastKnownFileType = sourcecode.c.h; path = EventAnnotation.h; sourceTree = "<group>"; };
		780DB2E822EA12D200B78516 /* EventAnnotation.m */ = {isa = PBXFileReference; lastKnownFileType = sourcecode.c.objc; path = EventAnnotation.m; sourceTree = "<group>"; };
		780DB2EA22EA24D800B78516 /* EventDetailsViewController.h */ = {isa = PBXFileReference; lastKnownFileType = sourcecode.c.h; path = EventDetailsViewController.h; sourceTree = "<group>"; };
		780DB2EB22EA24D800B78516 /* EventDetailsViewController.m */ = {isa = PBXFileReference; lastKnownFileType = sourcecode.c.objc; path = EventDetailsViewController.m; sourceTree = "<group>"; };
		780DB2EF22EA6A8200B78516 /* EventDetails.storyboard */ = {isa = PBXFileReference; lastKnownFileType = file.storyboard; path = EventDetails.storyboard; sourceTree = "<group>"; };
		781A941422ECB184002966B5 /* UserInSession.h */ = {isa = PBXFileReference; lastKnownFileType = sourcecode.c.h; path = UserInSession.h; sourceTree = "<group>"; };
		781A941522ECB184002966B5 /* UserInSession.m */ = {isa = PBXFileReference; lastKnownFileType = sourcecode.c.objc; path = UserInSession.m; sourceTree = "<group>"; };
		78FC04B322E17C640049E0BD /* User.h */ = {isa = PBXFileReference; lastKnownFileType = sourcecode.c.h; path = User.h; sourceTree = "<group>"; };
		78FC04B422E17C640049E0BD /* User.m */ = {isa = PBXFileReference; lastKnownFileType = sourcecode.c.objc; path = User.m; sourceTree = "<group>"; };
		78FC04B622E17C700049E0BD /* Event.h */ = {isa = PBXFileReference; lastKnownFileType = sourcecode.c.h; path = Event.h; sourceTree = "<group>"; };
		78FC04B722E17C700049E0BD /* Event.m */ = {isa = PBXFileReference; lastKnownFileType = sourcecode.c.objc; path = Event.m; sourceTree = "<group>"; };
		AA7A4CB52FA959324F5E08BB /* Pods_PitchUITests.framework */ = {isa = PBXFileReference; explicitFileType = wrapper.framework; includeInIndex = 0; path = Pods_PitchUITests.framework; sourceTree = BUILT_PRODUCTS_DIR; };
		C127D52422DFE699009963B0 /* ExploreViewController.h */ = {isa = PBXFileReference; lastKnownFileType = sourcecode.c.h; path = ExploreViewController.h; sourceTree = "<group>"; };
		C127D52522DFE699009963B0 /* ExploreViewController.m */ = {isa = PBXFileReference; lastKnownFileType = sourcecode.c.objc; path = ExploreViewController.m; sourceTree = "<group>"; };
		C127D52622DFE699009963B0 /* ExploreViewController.xib */ = {isa = PBXFileReference; lastKnownFileType = file.xib; path = ExploreViewController.xib; sourceTree = "<group>"; };
		C127D52922DFE6A3009963B0 /* UserViewController.h */ = {isa = PBXFileReference; lastKnownFileType = sourcecode.c.h; path = UserViewController.h; sourceTree = "<group>"; };
		C127D52A22DFE6A3009963B0 /* UserViewController.m */ = {isa = PBXFileReference; lastKnownFileType = sourcecode.c.objc; path = UserViewController.m; sourceTree = "<group>"; };
		C127D52B22DFE6A3009963B0 /* UserViewController.xib */ = {isa = PBXFileReference; lastKnownFileType = file.xib; path = UserViewController.xib; sourceTree = "<group>"; };
		C138EDD722DFAD9F00AAA0D0 /* Pitch.app */ = {isa = PBXFileReference; explicitFileType = wrapper.application; includeInIndex = 0; path = Pitch.app; sourceTree = BUILT_PRODUCTS_DIR; };
		C138EDDA22DFAD9F00AAA0D0 /* AppDelegate.h */ = {isa = PBXFileReference; lastKnownFileType = sourcecode.c.h; path = AppDelegate.h; sourceTree = "<group>"; };
		C138EDDB22DFAD9F00AAA0D0 /* AppDelegate.m */ = {isa = PBXFileReference; lastKnownFileType = sourcecode.c.objc; path = AppDelegate.m; sourceTree = "<group>"; };
		C138EDDD22DFAD9F00AAA0D0 /* MasterViewController.h */ = {isa = PBXFileReference; lastKnownFileType = sourcecode.c.h; path = MasterViewController.h; sourceTree = "<group>"; };
		C138EDDE22DFAD9F00AAA0D0 /* MasterViewController.m */ = {isa = PBXFileReference; lastKnownFileType = sourcecode.c.objc; path = MasterViewController.m; sourceTree = "<group>"; };
		C138EDE122DFAD9F00AAA0D0 /* Base */ = {isa = PBXFileReference; lastKnownFileType = file.storyboard; name = Base; path = Base.lproj/Main.storyboard; sourceTree = "<group>"; };
		C138EDE322DFAD9F00AAA0D0 /* Assets.xcassets */ = {isa = PBXFileReference; lastKnownFileType = folder.assetcatalog; path = Assets.xcassets; sourceTree = "<group>"; };
		C138EDE622DFAD9F00AAA0D0 /* Base */ = {isa = PBXFileReference; lastKnownFileType = file.storyboard; name = Base; path = Base.lproj/LaunchScreen.storyboard; sourceTree = "<group>"; };
		C138EDE822DFAD9F00AAA0D0 /* Info.plist */ = {isa = PBXFileReference; lastKnownFileType = text.plist.xml; path = Info.plist; sourceTree = "<group>"; };
		C138EDE922DFAD9F00AAA0D0 /* main.m */ = {isa = PBXFileReference; lastKnownFileType = sourcecode.c.objc; path = main.m; sourceTree = "<group>"; };
		C138EDEF22DFAD9F00AAA0D0 /* PitchTests.xctest */ = {isa = PBXFileReference; explicitFileType = wrapper.cfbundle; includeInIndex = 0; path = PitchTests.xctest; sourceTree = BUILT_PRODUCTS_DIR; };
		C138EDF322DFAD9F00AAA0D0 /* PitchTests.m */ = {isa = PBXFileReference; lastKnownFileType = sourcecode.c.objc; path = PitchTests.m; sourceTree = "<group>"; };
		C138EDF522DFAD9F00AAA0D0 /* Info.plist */ = {isa = PBXFileReference; lastKnownFileType = text.plist.xml; path = Info.plist; sourceTree = "<group>"; };
		C138EDFA22DFAD9F00AAA0D0 /* PitchUITests.xctest */ = {isa = PBXFileReference; explicitFileType = wrapper.cfbundle; includeInIndex = 0; path = PitchUITests.xctest; sourceTree = BUILT_PRODUCTS_DIR; };
		C138EDFE22DFAD9F00AAA0D0 /* PitchUITests.m */ = {isa = PBXFileReference; lastKnownFileType = sourcecode.c.objc; path = PitchUITests.m; sourceTree = "<group>"; };
		C138EE0022DFAD9F00AAA0D0 /* Info.plist */ = {isa = PBXFileReference; lastKnownFileType = text.plist.xml; path = Info.plist; sourceTree = "<group>"; };
		C14E19EA22E23B8B00883CFB /* VibesCell.h */ = {isa = PBXFileReference; lastKnownFileType = sourcecode.c.h; path = VibesCell.h; sourceTree = "<group>"; };
		C14E19EB22E23B8B00883CFB /* VibesCell.m */ = {isa = PBXFileReference; lastKnownFileType = sourcecode.c.objc; path = VibesCell.m; sourceTree = "<group>"; };
		C14E19EC22E23B8B00883CFB /* VibesCell.xib */ = {isa = PBXFileReference; lastKnownFileType = file.xib; path = VibesCell.xib; sourceTree = "<group>"; };
		C14E19F222E23BD000883CFB /* DistanceCell.h */ = {isa = PBXFileReference; lastKnownFileType = sourcecode.c.h; path = DistanceCell.h; sourceTree = "<group>"; };
		C14E19F322E23BD000883CFB /* DistanceCell.m */ = {isa = PBXFileReference; lastKnownFileType = sourcecode.c.objc; path = DistanceCell.m; sourceTree = "<group>"; };
		C14E19F422E23BD000883CFB /* DistanceCell.xib */ = {isa = PBXFileReference; lastKnownFileType = file.xib; path = DistanceCell.xib; sourceTree = "<group>"; };
		C14E19F722E23BE200883CFB /* NumberOfPeopleCell.h */ = {isa = PBXFileReference; lastKnownFileType = sourcecode.c.h; path = NumberOfPeopleCell.h; sourceTree = "<group>"; };
		C14E19F822E23BE200883CFB /* NumberOfPeopleCell.m */ = {isa = PBXFileReference; lastKnownFileType = sourcecode.c.objc; path = NumberOfPeopleCell.m; sourceTree = "<group>"; };
		C14E19F922E23BE200883CFB /* NumberOfPeopleCell.xib */ = {isa = PBXFileReference; lastKnownFileType = file.xib; path = NumberOfPeopleCell.xib; sourceTree = "<group>"; };
		C14E19FC22E23BF000883CFB /* AgeCell.h */ = {isa = PBXFileReference; lastKnownFileType = sourcecode.c.h; path = AgeCell.h; sourceTree = "<group>"; };
		C14E19FD22E23BF000883CFB /* AgeCell.m */ = {isa = PBXFileReference; lastKnownFileType = sourcecode.c.objc; path = AgeCell.m; sourceTree = "<group>"; };
		C14E19FE22E23BF000883CFB /* AgeCell.xib */ = {isa = PBXFileReference; lastKnownFileType = file.xib; path = AgeCell.xib; sourceTree = "<group>"; };
		C14E1A0122E2768B00883CFB /* CustomCollectionViewCell.h */ = {isa = PBXFileReference; lastKnownFileType = sourcecode.c.h; path = CustomCollectionViewCell.h; sourceTree = "<group>"; };
		C14E1A0222E2768B00883CFB /* CustomCollectionViewCell.m */ = {isa = PBXFileReference; lastKnownFileType = sourcecode.c.objc; path = CustomCollectionViewCell.m; sourceTree = "<group>"; };
		C14E1A0322E2768B00883CFB /* CustomCollectionViewCell.xib */ = {isa = PBXFileReference; lastKnownFileType = file.xib; path = CustomCollectionViewCell.xib; sourceTree = "<group>"; };
		C14E1A0622E276F400883CFB /* Vibes.h */ = {isa = PBXFileReference; lastKnownFileType = sourcecode.c.h; path = Vibes.h; sourceTree = "<group>"; };
		C14E1A0722E276F400883CFB /* Vibes.m */ = {isa = PBXFileReference; lastKnownFileType = sourcecode.c.objc; path = Vibes.m; sourceTree = "<group>"; };
		C14E1A0B22E8D52E00883CFB /* LogInViewController.h */ = {isa = PBXFileReference; lastKnownFileType = sourcecode.c.h; path = LogInViewController.h; sourceTree = "<group>"; };
		C14E1A0C22E8D52E00883CFB /* LogInViewController.m */ = {isa = PBXFileReference; lastKnownFileType = sourcecode.c.objc; path = LogInViewController.m; sourceTree = "<group>"; };
		C1616DF822EB6C70004B536B /* BioCell.h */ = {isa = PBXFileReference; lastKnownFileType = sourcecode.c.h; path = BioCell.h; sourceTree = "<group>"; };
		C1616DF922EB6C70004B536B /* BioCell.m */ = {isa = PBXFileReference; lastKnownFileType = sourcecode.c.objc; path = BioCell.m; sourceTree = "<group>"; };
		C1616DFA22EB6C70004B536B /* BioCell.xib */ = {isa = PBXFileReference; lastKnownFileType = file.xib; path = BioCell.xib; sourceTree = "<group>"; };
		C1616DFD22EB7322004B536B /* ProfileLinksCell.h */ = {isa = PBXFileReference; lastKnownFileType = sourcecode.c.h; path = ProfileLinksCell.h; sourceTree = "<group>"; };
		C1616DFE22EB7322004B536B /* ProfileLinksCell.m */ = {isa = PBXFileReference; lastKnownFileType = sourcecode.c.objc; path = ProfileLinksCell.m; sourceTree = "<group>"; };
		C1616DFF22EB7322004B536B /* ProfileLinksCell.xib */ = {isa = PBXFileReference; lastKnownFileType = file.xib; path = ProfileLinksCell.xib; sourceTree = "<group>"; };
		C1616E0222EB920D004B536B /* EventListCell.h */ = {isa = PBXFileReference; lastKnownFileType = sourcecode.c.h; path = EventListCell.h; sourceTree = "<group>"; };
		C1616E0322EB920D004B536B /* EventListCell.m */ = {isa = PBXFileReference; lastKnownFileType = sourcecode.c.objc; path = EventListCell.m; sourceTree = "<group>"; };
		C1616E0422EB920D004B536B /* EventListCell.xib */ = {isa = PBXFileReference; lastKnownFileType = file.xib; path = EventListCell.xib; sourceTree = "<group>"; };
		C1616E0722EB931F004B536B /* EventsCollectionViewCell.h */ = {isa = PBXFileReference; lastKnownFileType = sourcecode.c.h; path = EventsCollectionViewCell.h; sourceTree = "<group>"; };
		C1616E0822EB931F004B536B /* EventsCollectionViewCell.m */ = {isa = PBXFileReference; lastKnownFileType = sourcecode.c.objc; path = EventsCollectionViewCell.m; sourceTree = "<group>"; };
		C1616E0922EB931F004B536B /* EventsCollectionViewCell.xib */ = {isa = PBXFileReference; lastKnownFileType = file.xib; path = EventsCollectionViewCell.xib; sourceTree = "<group>"; };
		C1616E0C22EB98C8004B536B /* FirstLastNameCell.h */ = {isa = PBXFileReference; lastKnownFileType = sourcecode.c.h; path = FirstLastNameCell.h; sourceTree = "<group>"; };
		C1616E0D22EB98C8004B536B /* FirstLastNameCell.m */ = {isa = PBXFileReference; lastKnownFileType = sourcecode.c.objc; path = FirstLastNameCell.m; sourceTree = "<group>"; };
		C1616E0E22EB98C8004B536B /* FirstLastNameCell.xib */ = {isa = PBXFileReference; lastKnownFileType = file.xib; path = FirstLastNameCell.xib; sourceTree = "<group>"; };
		C1616E3722EF8A7A004B536B /* GothamRounded-Bold.otf */ = {isa = PBXFileReference; lastKnownFileType = file; path = "GothamRounded-Bold.otf"; sourceTree = "<group>"; };
		C1616E3E22F0A7D2004B536B /* Filters.h */ = {isa = PBXFileReference; lastKnownFileType = sourcecode.c.h; path = Filters.h; sourceTree = "<group>"; };
		C1616E3F22F0A7D2004B536B /* Filters.m */ = {isa = PBXFileReference; lastKnownFileType = sourcecode.c.objc; path = Filters.m; sourceTree = "<group>"; };
		C1C3415B22F0C21800A09666 /* ApplyFiltersCell.m */ = {isa = PBXFileReference; fileEncoding = 4; lastKnownFileType = sourcecode.c.objc; path = ApplyFiltersCell.m; sourceTree = "<group>"; };
		C1C3415C22F0C21800A09666 /* ApplyFiltersCell.xib */ = {isa = PBXFileReference; fileEncoding = 4; lastKnownFileType = file.xib; path = ApplyFiltersCell.xib; sourceTree = "<group>"; };
		C1C3415D22F0C21800A09666 /* LogoutCell.m */ = {isa = PBXFileReference; fileEncoding = 4; lastKnownFileType = sourcecode.c.objc; path = LogoutCell.m; sourceTree = "<group>"; };
		C1C3415E22F0C21800A09666 /* LogoutCell.xib */ = {isa = PBXFileReference; fileEncoding = 4; lastKnownFileType = file.xib; path = LogoutCell.xib; sourceTree = "<group>"; };
		C1C3415F22F0C21800A09666 /* EventPictureCell.m */ = {isa = PBXFileReference; fileEncoding = 4; lastKnownFileType = sourcecode.c.objc; path = EventPictureCell.m; sourceTree = "<group>"; };
		C1C3416022F0C21800A09666 /* EventPictureCell.xib */ = {isa = PBXFileReference; fileEncoding = 4; lastKnownFileType = file.xib; path = EventPictureCell.xib; sourceTree = "<group>"; };
		C1C3416122F0C21800A09666 /* LogoutCell.h */ = {isa = PBXFileReference; fileEncoding = 4; lastKnownFileType = sourcecode.c.h; path = LogoutCell.h; sourceTree = "<group>"; };
		C1C3416222F0C21800A09666 /* ApplyFiltersCell.h */ = {isa = PBXFileReference; fileEncoding = 4; lastKnownFileType = sourcecode.c.h; path = ApplyFiltersCell.h; sourceTree = "<group>"; };
		C1C3416322F0C21800A09666 /* EventPictureCell.h */ = {isa = PBXFileReference; fileEncoding = 4; lastKnownFileType = sourcecode.c.h; path = EventPictureCell.h; sourceTree = "<group>"; };
		C1C3416A22F0E36500A09666 /* DragCell.h */ = {isa = PBXFileReference; lastKnownFileType = sourcecode.c.h; path = DragCell.h; sourceTree = "<group>"; };
		C1C3416B22F0E36500A09666 /* DragCell.m */ = {isa = PBXFileReference; lastKnownFileType = sourcecode.c.objc; path = DragCell.m; sourceTree = "<group>"; };
		C1C3416C22F0E36500A09666 /* DragCell.xib */ = {isa = PBXFileReference; lastKnownFileType = file.xib; path = DragCell.xib; sourceTree = "<group>"; };
		C1C3416F22F207BA00A09666 /* MusicQueueViewController.h */ = {isa = PBXFileReference; lastKnownFileType = sourcecode.c.h; path = MusicQueueViewController.h; sourceTree = "<group>"; };
		C1C3417022F207BA00A09666 /* MusicQueueViewController.m */ = {isa = PBXFileReference; lastKnownFileType = sourcecode.c.objc; path = MusicQueueViewController.m; sourceTree = "<group>"; };
		C1C3417222F2083B00A09666 /* EventGalleryViewController.h */ = {isa = PBXFileReference; lastKnownFileType = sourcecode.c.h; path = EventGalleryViewController.h; sourceTree = "<group>"; };
		C1C3417322F2083B00A09666 /* EventGalleryViewController.m */ = {isa = PBXFileReference; lastKnownFileType = sourcecode.c.objc; path = EventGalleryViewController.m; sourceTree = "<group>"; };
		C1C3417522F3533D00A09666 /* SearchResult.h */ = {isa = PBXFileReference; lastKnownFileType = sourcecode.c.h; path = SearchResult.h; sourceTree = "<group>"; };
		C1C3417622F3533D00A09666 /* SearchResult.m */ = {isa = PBXFileReference; lastKnownFileType = sourcecode.c.objc; path = SearchResult.m; sourceTree = "<group>"; };
		C1C3417B22F4E40800A09666 /* MusicQueueCollectionViewCell.h */ = {isa = PBXFileReference; lastKnownFileType = sourcecode.c.h; path = MusicQueueCollectionViewCell.h; sourceTree = "<group>"; };
		C1C3417C22F4E40800A09666 /* MusicQueueCollectionViewCell.m */ = {isa = PBXFileReference; lastKnownFileType = sourcecode.c.objc; path = MusicQueueCollectionViewCell.m; sourceTree = "<group>"; };
		C1C3417D22F4E40800A09666 /* MusicQueueCollectionViewCell.xib */ = {isa = PBXFileReference; lastKnownFileType = file.xib; path = MusicQueueCollectionViewCell.xib; sourceTree = "<group>"; };
		C1C3418022F4E60400A09666 /* Song.h */ = {isa = PBXFileReference; lastKnownFileType = sourcecode.c.h; path = Song.h; sourceTree = "<group>"; };
		C1C3418122F4E60400A09666 /* Song.m */ = {isa = PBXFileReference; lastKnownFileType = sourcecode.c.objc; path = Song.m; sourceTree = "<group>"; };
		C1C3418322F8A96200A09666 /* MusicQueueTableViewCell.h */ = {isa = PBXFileReference; lastKnownFileType = sourcecode.c.h; path = MusicQueueTableViewCell.h; sourceTree = "<group>"; };
		C1C3418422F8A96200A09666 /* MusicQueueTableViewCell.m */ = {isa = PBXFileReference; lastKnownFileType = sourcecode.c.objc; path = MusicQueueTableViewCell.m; sourceTree = "<group>"; };
		C1C3418522F8A96200A09666 /* MusicQueueTableViewCell.xib */ = {isa = PBXFileReference; lastKnownFileType = file.xib; path = MusicQueueTableViewCell.xib; sourceTree = "<group>"; };
		C1C3418822F8ABF600A09666 /* GothamRounded-Medium.otf */ = {isa = PBXFileReference; lastKnownFileType = file; name = "GothamRounded-Medium.otf"; path = "Gotham-rounded/GothamRounded-Medium.otf"; sourceTree = SOURCE_ROOT; };
		C1C3418A22F8AC4800A09666 /* GothamRounded-Book.otf */ = {isa = PBXFileReference; lastKnownFileType = file; name = "GothamRounded-Book.otf"; path = "Gotham-rounded/GothamRounded-Book.otf"; sourceTree = SOURCE_ROOT; };
		C4164D6E91261C8ACB86B04F /* Pods-Pitch.release.xcconfig */ = {isa = PBXFileReference; includeInIndex = 1; lastKnownFileType = text.xcconfig; name = "Pods-Pitch.release.xcconfig"; path = "Target Support Files/Pods-Pitch/Pods-Pitch.release.xcconfig"; sourceTree = "<group>"; };
		C5A4F46338BC569996E17E1C /* Pods-PitchUITests.release.xcconfig */ = {isa = PBXFileReference; includeInIndex = 1; lastKnownFileType = text.xcconfig; name = "Pods-PitchUITests.release.xcconfig"; path = "Target Support Files/Pods-PitchUITests/Pods-PitchUITests.release.xcconfig"; sourceTree = "<group>"; };
		E77442B328194BAFFF8027B4 /* Pods_PitchTests.framework */ = {isa = PBXFileReference; explicitFileType = wrapper.framework; includeInIndex = 0; path = Pods_PitchTests.framework; sourceTree = BUILT_PRODUCTS_DIR; };
		F9BA054355C534259F27AF7E /* Pods-PitchUITests.debug.xcconfig */ = {isa = PBXFileReference; includeInIndex = 1; lastKnownFileType = text.xcconfig; name = "Pods-PitchUITests.debug.xcconfig"; path = "Target Support Files/Pods-PitchUITests/Pods-PitchUITests.debug.xcconfig"; sourceTree = "<group>"; };
/* End PBXFileReference section */

/* Begin PBXFrameworksBuildPhase section */
		C138EDD422DFAD9F00AAA0D0 /* Frameworks */ = {
			isa = PBXFrameworksBuildPhase;
			buildActionMask = 2147483647;
			files = (
				780DB2E622E92FD700B78516 /* CoreLocation.framework in Frameworks */,
				181FEAF8C20A861EEE46EA31 /* Pods_Pitch.framework in Frameworks */,
			);
			runOnlyForDeploymentPostprocessing = 0;
		};
		C138EDEC22DFAD9F00AAA0D0 /* Frameworks */ = {
			isa = PBXFrameworksBuildPhase;
			buildActionMask = 2147483647;
			files = (
				02AC025ECB2F25A725644A38 /* Pods_PitchTests.framework in Frameworks */,
			);
			runOnlyForDeploymentPostprocessing = 0;
		};
		C138EDF722DFAD9F00AAA0D0 /* Frameworks */ = {
			isa = PBXFrameworksBuildPhase;
			buildActionMask = 2147483647;
			files = (
				5E0564BD2DE1E80B0B62790F /* Pods_PitchUITests.framework in Frameworks */,
			);
			runOnlyForDeploymentPostprocessing = 0;
		};
/* End PBXFrameworksBuildPhase section */

/* Begin PBXGroup section */
		0602C1AB22EF8181004BBC74 /* Create Event Views */ = {
			isa = PBXGroup;
			children = (
				06A909B522E6792300CD2969 /* EventTitleCell.h */,
				06A909B622E6792300CD2969 /* EventTitleCell.m */,
				06A909B722E6792300CD2969 /* EventTitleCell.xib */,
				06A909BF22E67A0500CD2969 /* LocationCell.h */,
				06A909C022E67A0500CD2969 /* LocationCell.m */,
				06A909C122E67A0500CD2969 /* LocationCell.xib */,
				06A909C422E67A2200CD2969 /* PollsTitleCell.h */,
				06A909C522E67A2200CD2969 /* PollsTitleCell.m */,
				06A909C622E67A2200CD2969 /* PollsTitleCell.xib */,
				06A909C922E67A3500CD2969 /* CustomPollCell.h */,
				06A909CA22E67A3500CD2969 /* CustomPollCell.m */,
				06A909CB22E67A3500CD2969 /* CustomPollCell.xib */,
			);
			path = "Create Event Views";
			sourceTree = "<group>";
		};
		0602C1AC22EF82AA004BBC74 /* User Profile Views */ = {
			isa = PBXGroup;
			children = (
				C1616DF822EB6C70004B536B /* BioCell.h */,
				C1616DF922EB6C70004B536B /* BioCell.m */,
				C1616DFA22EB6C70004B536B /* BioCell.xib */,
				C1616E0222EB920D004B536B /* EventListCell.h */,
				C1616E0322EB920D004B536B /* EventListCell.m */,
				C1616E0422EB920D004B536B /* EventListCell.xib */,
				C1616E0722EB931F004B536B /* EventsCollectionViewCell.h */,
				C1616E0822EB931F004B536B /* EventsCollectionViewCell.m */,
				C1616E0922EB931F004B536B /* EventsCollectionViewCell.xib */,
				C1616DFD22EB7322004B536B /* ProfileLinksCell.h */,
				C1616DFE22EB7322004B536B /* ProfileLinksCell.m */,
				C1616DFF22EB7322004B536B /* ProfileLinksCell.xib */,
			);
			path = "User Profile Views";
			sourceTree = "<group>";
		};
		0602C1AD22EF836B004BBC74 /* Explore Views */ = {
			isa = PBXGroup;
			children = (
				C14E19F222E23BD000883CFB /* DistanceCell.h */,
				C14E19F322E23BD000883CFB /* DistanceCell.m */,
				C14E19F422E23BD000883CFB /* DistanceCell.xib */,
				C14E19F722E23BE200883CFB /* NumberOfPeopleCell.h */,
				C14E19F822E23BE200883CFB /* NumberOfPeopleCell.m */,
				C14E19F922E23BE200883CFB /* NumberOfPeopleCell.xib */,
			);
			path = "Explore Views";
			sourceTree = "<group>";
		};
		36D5806393B8D5F00D57D58A /* Frameworks */ = {
			isa = PBXGroup;
			children = (
				780DB2E522E92FD700B78516 /* CoreLocation.framework */,
				02D745D9339DDF102F5764B6 /* Pods_Pitch.framework */,
				E77442B328194BAFFF8027B4 /* Pods_PitchTests.framework */,
				AA7A4CB52FA959324F5E08BB /* Pods_PitchUITests.framework */,
			);
			name = Frameworks;
			sourceTree = "<group>";
		};
		781A941722ECB1B1002966B5 /* Storyboards */ = {
			isa = PBXGroup;
			children = (
				C138EDE022DFAD9F00AAA0D0 /* Main.storyboard */,
				780DB2EF22EA6A8200B78516 /* EventDetails.storyboard */,
				C138EDE522DFAD9F00AAA0D0 /* LaunchScreen.storyboard */,
			);
			path = Storyboards;
			sourceTree = "<group>";
		};
		78FC04B222E16ECF0049E0BD /* Models */ = {
			isa = PBXGroup;
			children = (
				780DB2DA22E6D02200B78516 /* DataHandling.h */,
				780DB2DB22E6D02200B78516 /* DataHandling.m */,
				781A941422ECB184002966B5 /* UserInSession.h */,
				78FC04B322E17C640049E0BD /* User.h */,
				78FC04B422E17C640049E0BD /* User.m */,
				78FC04B622E17C700049E0BD /* Event.h */,
				78FC04B722E17C700049E0BD /* Event.m */,
				06A909B222E2300E00CD2969 /* Poll.h */,
				06A909B322E2300E00CD2969 /* Poll.m */,
				C14E1A0622E276F400883CFB /* Vibes.h */,
				C14E1A0722E276F400883CFB /* Vibes.m */,
				C1616E3E22F0A7D2004B536B /* Filters.h */,
				C1616E3F22F0A7D2004B536B /* Filters.m */,
				781A941522ECB184002966B5 /* UserInSession.m */,
				C1C3417522F3533D00A09666 /* SearchResult.h */,
				C1C3417622F3533D00A09666 /* SearchResult.m */,
				C1C3418022F4E60400A09666 /* Song.h */,
				C1C3418122F4E60400A09666 /* Song.m */,
			);
			path = Models;
			sourceTree = "<group>";
		};
		C127D51E22DFE3CF009963B0 /* View Controllers */ = {
			isa = PBXGroup;
			children = (
				C138EDDD22DFAD9F00AAA0D0 /* MasterViewController.h */,
				C138EDDE22DFAD9F00AAA0D0 /* MasterViewController.m */,
				C127D52422DFE699009963B0 /* ExploreViewController.h */,
				C127D52522DFE699009963B0 /* ExploreViewController.m */,
				C127D52622DFE699009963B0 /* ExploreViewController.xib */,
				C127D52922DFE6A3009963B0 /* UserViewController.h */,
				C127D52A22DFE6A3009963B0 /* UserViewController.m */,
				C127D52B22DFE6A3009963B0 /* UserViewController.xib */,
				06A909D022E7B5DC00CD2969 /* CreateEventViewController.h */,
				06A909D122E7B5DC00CD2969 /* CreateEventViewController.m */,
				06A909D222E7B5DC00CD2969 /* CreateEventViewController.xib */,
				C14E1A0B22E8D52E00883CFB /* LogInViewController.h */,
				C14E1A0C22E8D52E00883CFB /* LogInViewController.m */,
				780DB2EA22EA24D800B78516 /* EventDetailsViewController.h */,
				780DB2EB22EA24D800B78516 /* EventDetailsViewController.m */,
				C1C3416F22F207BA00A09666 /* MusicQueueViewController.h */,
				C1C3417022F207BA00A09666 /* MusicQueueViewController.m */,
				C1C3417222F2083B00A09666 /* EventGalleryViewController.h */,
				C1C3417322F2083B00A09666 /* EventGalleryViewController.m */,
			);
			path = "View Controllers";
			sourceTree = "<group>";
		};
		C138EDCE22DFAD9F00AAA0D0 = {
			isa = PBXGroup;
			children = (
				C138EDD922DFAD9F00AAA0D0 /* Pitch */,
				C138EDF222DFAD9F00AAA0D0 /* PitchTests */,
				C138EDFD22DFAD9F00AAA0D0 /* PitchUITests */,
				C138EDD822DFAD9F00AAA0D0 /* Products */,
				DBEA5F48AA5A7A8577D3C475 /* Pods */,
				36D5806393B8D5F00D57D58A /* Frameworks */,
			);
			sourceTree = "<group>";
		};
		C138EDD822DFAD9F00AAA0D0 /* Products */ = {
			isa = PBXGroup;
			children = (
				C138EDD722DFAD9F00AAA0D0 /* Pitch.app */,
				C138EDEF22DFAD9F00AAA0D0 /* PitchTests.xctest */,
				C138EDFA22DFAD9F00AAA0D0 /* PitchUITests.xctest */,
			);
			name = Products;
			sourceTree = "<group>";
		};
		C138EDD922DFAD9F00AAA0D0 /* Pitch */ = {
			isa = PBXGroup;
			children = (
				C1616E3622EF8A6C004B536B /* Resources */,
				781A941722ECB1B1002966B5 /* Storyboards */,
				C14E19E922E23B5600883CFB /* Views */,
				78FC04B222E16ECF0049E0BD /* Models */,
				C127D51E22DFE3CF009963B0 /* View Controllers */,
				C138EDDA22DFAD9F00AAA0D0 /* AppDelegate.h */,
				C138EDDB22DFAD9F00AAA0D0 /* AppDelegate.m */,
				C138EDE322DFAD9F00AAA0D0 /* Assets.xcassets */,
				C138EDE822DFAD9F00AAA0D0 /* Info.plist */,
				06A909B022DFDA4000CD2969 /* GoogleService-Info.plist */,
				C138EDE922DFAD9F00AAA0D0 /* main.m */,
			);
			path = Pitch;
			sourceTree = "<group>";
		};
		C138EDF222DFAD9F00AAA0D0 /* PitchTests */ = {
			isa = PBXGroup;
			children = (
				C138EDF322DFAD9F00AAA0D0 /* PitchTests.m */,
				C138EDF522DFAD9F00AAA0D0 /* Info.plist */,
			);
			path = PitchTests;
			sourceTree = "<group>";
		};
		C138EDFD22DFAD9F00AAA0D0 /* PitchUITests */ = {
			isa = PBXGroup;
			children = (
				C138EDFE22DFAD9F00AAA0D0 /* PitchUITests.m */,
				C138EE0022DFAD9F00AAA0D0 /* Info.plist */,
			);
			path = PitchUITests;
			sourceTree = "<group>";
		};
		C14E19E922E23B5600883CFB /* Views */ = {
			isa = PBXGroup;
			children = (
				0602C1AB22EF8181004BBC74 /* Create Event Views */,
				0602C1AD22EF836B004BBC74 /* Explore Views */,
				0602C1AC22EF82AA004BBC74 /* User Profile Views */,
				C14E19EA22E23B8B00883CFB /* VibesCell.h */,
				C14E19EB22E23B8B00883CFB /* VibesCell.m */,
				C14E19EC22E23B8B00883CFB /* VibesCell.xib */,
				C14E19FC22E23BF000883CFB /* AgeCell.h */,
				C14E19FD22E23BF000883CFB /* AgeCell.m */,
				C14E19FE22E23BF000883CFB /* AgeCell.xib */,
				C14E1A0122E2768B00883CFB /* CustomCollectionViewCell.h */,
				C14E1A0222E2768B00883CFB /* CustomCollectionViewCell.m */,
				C14E1A0322E2768B00883CFB /* CustomCollectionViewCell.xib */,
				C1616E0C22EB98C8004B536B /* FirstLastNameCell.h */,
				C1616E0D22EB98C8004B536B /* FirstLastNameCell.m */,
				C1616E0E22EB98C8004B536B /* FirstLastNameCell.xib */,
				780DB2E722EA12D200B78516 /* EventAnnotation.h */,
				780DB2E822EA12D200B78516 /* EventAnnotation.m */,
				C1C3416222F0C21800A09666 /* ApplyFiltersCell.h */,
				C1C3415B22F0C21800A09666 /* ApplyFiltersCell.m */,
				C1C3415C22F0C21800A09666 /* ApplyFiltersCell.xib */,
				C1C3416322F0C21800A09666 /* EventPictureCell.h */,
				C1C3415F22F0C21800A09666 /* EventPictureCell.m */,
				C1C3416022F0C21800A09666 /* EventPictureCell.xib */,
				C1C3416122F0C21800A09666 /* LogoutCell.h */,
				C1C3415D22F0C21800A09666 /* LogoutCell.m */,
				C1C3415E22F0C21800A09666 /* LogoutCell.xib */,
				C1C3416A22F0E36500A09666 /* DragCell.h */,
				C1C3416B22F0E36500A09666 /* DragCell.m */,
				C1C3416C22F0E36500A09666 /* DragCell.xib */,
				C1C3417B22F4E40800A09666 /* MusicQueueCollectionViewCell.h */,
				C1C3417C22F4E40800A09666 /* MusicQueueCollectionViewCell.m */,
				C1C3417D22F4E40800A09666 /* MusicQueueCollectionViewCell.xib */,
				C1C3418322F8A96200A09666 /* MusicQueueTableViewCell.h */,
				C1C3418422F8A96200A09666 /* MusicQueueTableViewCell.m */,
				C1C3418522F8A96200A09666 /* MusicQueueTableViewCell.xib */,
			);
			path = Views;
			sourceTree = "<group>";
		};
		C1616E3622EF8A6C004B536B /* Resources */ = {
			isa = PBXGroup;
			children = (
				C1616E3722EF8A7A004B536B /* GothamRounded-Bold.otf */,
				C1C3418822F8ABF600A09666 /* GothamRounded-Medium.otf */,
				C1C3418A22F8AC4800A09666 /* GothamRounded-Book.otf */,
			);
			path = Resources;
			sourceTree = "<group>";
		};
		DBEA5F48AA5A7A8577D3C475 /* Pods */ = {
			isa = PBXGroup;
			children = (
				0D890758ED881E4EF92ED47C /* Pods-Pitch.debug.xcconfig */,
				C4164D6E91261C8ACB86B04F /* Pods-Pitch.release.xcconfig */,
				4A1CEDA789C916451CDD6B4A /* Pods-PitchTests.debug.xcconfig */,
				0DA70478CF425F487B0CDAC3 /* Pods-PitchTests.release.xcconfig */,
				F9BA054355C534259F27AF7E /* Pods-PitchUITests.debug.xcconfig */,
				C5A4F46338BC569996E17E1C /* Pods-PitchUITests.release.xcconfig */,
			);
			path = Pods;
			sourceTree = "<group>";
		};
/* End PBXGroup section */

/* Begin PBXNativeTarget section */
		C138EDD622DFAD9F00AAA0D0 /* Pitch */ = {
			isa = PBXNativeTarget;
			buildConfigurationList = C138EE0322DFAD9F00AAA0D0 /* Build configuration list for PBXNativeTarget "Pitch" */;
			buildPhases = (
				9577267B8DED811CC402E99F /* [CP] Check Pods Manifest.lock */,
				C138EDD322DFAD9F00AAA0D0 /* Sources */,
				C138EDD422DFAD9F00AAA0D0 /* Frameworks */,
				C138EDD522DFAD9F00AAA0D0 /* Resources */,
				84B398B44754160447B6D96C /* [CP] Embed Pods Frameworks */,
				8E45057B047B16F675A0BE9C /* [CP] Copy Pods Resources */,
			);
			buildRules = (
			);
			dependencies = (
			);
			name = Pitch;
			productName = Pitch;
			productReference = C138EDD722DFAD9F00AAA0D0 /* Pitch.app */;
			productType = "com.apple.product-type.application";
		};
		C138EDEE22DFAD9F00AAA0D0 /* PitchTests */ = {
			isa = PBXNativeTarget;
			buildConfigurationList = C138EE0622DFAD9F00AAA0D0 /* Build configuration list for PBXNativeTarget "PitchTests" */;
			buildPhases = (
				FFB6FF91D014196E0ABA3385 /* [CP] Check Pods Manifest.lock */,
				C138EDEB22DFAD9F00AAA0D0 /* Sources */,
				C138EDEC22DFAD9F00AAA0D0 /* Frameworks */,
				C138EDED22DFAD9F00AAA0D0 /* Resources */,
			);
			buildRules = (
			);
			dependencies = (
				C138EDF122DFAD9F00AAA0D0 /* PBXTargetDependency */,
			);
			name = PitchTests;
			productName = PitchTests;
			productReference = C138EDEF22DFAD9F00AAA0D0 /* PitchTests.xctest */;
			productType = "com.apple.product-type.bundle.unit-test";
		};
		C138EDF922DFAD9F00AAA0D0 /* PitchUITests */ = {
			isa = PBXNativeTarget;
			buildConfigurationList = C138EE0922DFAD9F00AAA0D0 /* Build configuration list for PBXNativeTarget "PitchUITests" */;
			buildPhases = (
				9A8768CCCC83E31B4EF1F016 /* [CP] Check Pods Manifest.lock */,
				C138EDF622DFAD9F00AAA0D0 /* Sources */,
				C138EDF722DFAD9F00AAA0D0 /* Frameworks */,
				C138EDF822DFAD9F00AAA0D0 /* Resources */,
			);
			buildRules = (
			);
			dependencies = (
				C138EDFC22DFAD9F00AAA0D0 /* PBXTargetDependency */,
			);
			name = PitchUITests;
			productName = PitchUITests;
			productReference = C138EDFA22DFAD9F00AAA0D0 /* PitchUITests.xctest */;
			productType = "com.apple.product-type.bundle.ui-testing";
		};
/* End PBXNativeTarget section */

/* Begin PBXProject section */
		C138EDCF22DFAD9F00AAA0D0 /* Project object */ = {
			isa = PBXProject;
			attributes = {
				LastUpgradeCheck = 1020;
				ORGANIZATIONNAME = PitchFBU;
				TargetAttributes = {
					C138EDD622DFAD9F00AAA0D0 = {
						CreatedOnToolsVersion = 10.2.1;
					};
					C138EDEE22DFAD9F00AAA0D0 = {
						CreatedOnToolsVersion = 10.2.1;
						TestTargetID = C138EDD622DFAD9F00AAA0D0;
					};
					C138EDF922DFAD9F00AAA0D0 = {
						CreatedOnToolsVersion = 10.2.1;
						TestTargetID = C138EDD622DFAD9F00AAA0D0;
					};
				};
			};
			buildConfigurationList = C138EDD222DFAD9F00AAA0D0 /* Build configuration list for PBXProject "Pitch" */;
			compatibilityVersion = "Xcode 9.3";
			developmentRegion = en;
			hasScannedForEncodings = 0;
			knownRegions = (
				en,
				Base,
			);
			mainGroup = C138EDCE22DFAD9F00AAA0D0;
			productRefGroup = C138EDD822DFAD9F00AAA0D0 /* Products */;
			projectDirPath = "";
			projectRoot = "";
			targets = (
				C138EDD622DFAD9F00AAA0D0 /* Pitch */,
				C138EDEE22DFAD9F00AAA0D0 /* PitchTests */,
				C138EDF922DFAD9F00AAA0D0 /* PitchUITests */,
			);
		};
/* End PBXProject section */

/* Begin PBXResourcesBuildPhase section */
		C138EDD522DFAD9F00AAA0D0 /* Resources */ = {
			isa = PBXResourcesBuildPhase;
			buildActionMask = 2147483647;
			files = (
				C1C3418922F8ABF600A09666 /* GothamRounded-Medium.otf in Resources */,
				C1C3416E22F0E36500A09666 /* DragCell.xib in Resources */,
				C1616DFC22EB6C70004B536B /* BioCell.xib in Resources */,
				C1616E0622EB920D004B536B /* EventListCell.xib in Resources */,
				C1C3418722F8A96200A09666 /* MusicQueueTableViewCell.xib in Resources */,
				C1616E0122EB7322004B536B /* ProfileLinksCell.xib in Resources */,
				C1C3416722F0C21900A09666 /* LogoutCell.xib in Resources */,
				C1616E3822EF8A7A004B536B /* GothamRounded-Bold.otf in Resources */,
				C1C3416522F0C21900A09666 /* ApplyFiltersCell.xib in Resources */,
				06A909C322E67A0500CD2969 /* LocationCell.xib in Resources */,
				C1C3417F22F4E40800A09666 /* MusicQueueCollectionViewCell.xib in Resources */,
				C1616E1022EB98C8004B536B /* FirstLastNameCell.xib in Resources */,
				C127D52D22DFE6A3009963B0 /* UserViewController.xib in Resources */,
				C1C3416922F0C21900A09666 /* EventPictureCell.xib in Resources */,
				C127D52822DFE699009963B0 /* ExploreViewController.xib in Resources */,
				C138EDE722DFAD9F00AAA0D0 /* LaunchScreen.storyboard in Resources */,
				06A909B122DFDA4000CD2969 /* GoogleService-Info.plist in Resources */,
				06A909CD22E67A3500CD2969 /* CustomPollCell.xib in Resources */,
				C1C3418B22F8AC4800A09666 /* GothamRounded-Book.otf in Resources */,
				C138EDE422DFAD9F00AAA0D0 /* Assets.xcassets in Resources */,
				C14E1A0022E23BF000883CFB /* AgeCell.xib in Resources */,
				C14E1A0522E2768B00883CFB /* CustomCollectionViewCell.xib in Resources */,
				06A909D422E7B5DC00CD2969 /* CreateEventViewController.xib in Resources */,
				C1616E0B22EB931F004B536B /* EventsCollectionViewCell.xib in Resources */,
				C138EDE222DFAD9F00AAA0D0 /* Main.storyboard in Resources */,
				780DB2F022EA6A8200B78516 /* EventDetails.storyboard in Resources */,
				C14E19F622E23BD000883CFB /* DistanceCell.xib in Resources */,
				C14E19FB22E23BE200883CFB /* NumberOfPeopleCell.xib in Resources */,
				C14E19EE22E23B8B00883CFB /* VibesCell.xib in Resources */,
				06A909B922E6792300CD2969 /* EventTitleCell.xib in Resources */,
				06A909C822E67A2200CD2969 /* PollsTitleCell.xib in Resources */,
			);
			runOnlyForDeploymentPostprocessing = 0;
		};
		C138EDED22DFAD9F00AAA0D0 /* Resources */ = {
			isa = PBXResourcesBuildPhase;
			buildActionMask = 2147483647;
			files = (
			);
			runOnlyForDeploymentPostprocessing = 0;
		};
		C138EDF822DFAD9F00AAA0D0 /* Resources */ = {
			isa = PBXResourcesBuildPhase;
			buildActionMask = 2147483647;
			files = (
			);
			runOnlyForDeploymentPostprocessing = 0;
		};
/* End PBXResourcesBuildPhase section */

/* Begin PBXShellScriptBuildPhase section */
		84B398B44754160447B6D96C /* [CP] Embed Pods Frameworks */ = {
			isa = PBXShellScriptBuildPhase;
			buildActionMask = 2147483647;
			files = (
			);
			inputFileListPaths = (
				"${PODS_ROOT}/Target Support Files/Pods-Pitch/Pods-Pitch-frameworks-${CONFIGURATION}-input-files.xcfilelist",
			);
			name = "[CP] Embed Pods Frameworks";
			outputFileListPaths = (
				"${PODS_ROOT}/Target Support Files/Pods-Pitch/Pods-Pitch-frameworks-${CONFIGURATION}-output-files.xcfilelist",
			);
			runOnlyForDeploymentPostprocessing = 0;
			shellPath = /bin/sh;
			shellScript = "\"${PODS_ROOT}/Target Support Files/Pods-Pitch/Pods-Pitch-frameworks.sh\"\n";
			showEnvVarsInLog = 0;
		};
		8E45057B047B16F675A0BE9C /* [CP] Copy Pods Resources */ = {
			isa = PBXShellScriptBuildPhase;
			buildActionMask = 2147483647;
			files = (
			);
			inputFileListPaths = (
				"${PODS_ROOT}/Target Support Files/Pods-Pitch/Pods-Pitch-resources-${CONFIGURATION}-input-files.xcfilelist",
			);
			name = "[CP] Copy Pods Resources";
			outputFileListPaths = (
				"${PODS_ROOT}/Target Support Files/Pods-Pitch/Pods-Pitch-resources-${CONFIGURATION}-output-files.xcfilelist",
			);
			runOnlyForDeploymentPostprocessing = 0;
			shellPath = /bin/sh;
			shellScript = "\"${PODS_ROOT}/Target Support Files/Pods-Pitch/Pods-Pitch-resources.sh\"\n";
			showEnvVarsInLog = 0;
		};
		9577267B8DED811CC402E99F /* [CP] Check Pods Manifest.lock */ = {
			isa = PBXShellScriptBuildPhase;
			buildActionMask = 2147483647;
			files = (
			);
			inputFileListPaths = (
			);
			inputPaths = (
				"${PODS_PODFILE_DIR_PATH}/Podfile.lock",
				"${PODS_ROOT}/Manifest.lock",
			);
			name = "[CP] Check Pods Manifest.lock";
			outputFileListPaths = (
			);
			outputPaths = (
				"$(DERIVED_FILE_DIR)/Pods-Pitch-checkManifestLockResult.txt",
			);
			runOnlyForDeploymentPostprocessing = 0;
			shellPath = /bin/sh;
			shellScript = "diff \"${PODS_PODFILE_DIR_PATH}/Podfile.lock\" \"${PODS_ROOT}/Manifest.lock\" > /dev/null\nif [ $? != 0 ] ; then\n    # print error to STDERR\n    echo \"error: The sandbox is not in sync with the Podfile.lock. Run 'pod install' or update your CocoaPods installation.\" >&2\n    exit 1\nfi\n# This output is used by Xcode 'outputs' to avoid re-running this script phase.\necho \"SUCCESS\" > \"${SCRIPT_OUTPUT_FILE_0}\"\n";
			showEnvVarsInLog = 0;
		};
		9A8768CCCC83E31B4EF1F016 /* [CP] Check Pods Manifest.lock */ = {
			isa = PBXShellScriptBuildPhase;
			buildActionMask = 2147483647;
			files = (
			);
			inputFileListPaths = (
			);
			inputPaths = (
				"${PODS_PODFILE_DIR_PATH}/Podfile.lock",
				"${PODS_ROOT}/Manifest.lock",
			);
			name = "[CP] Check Pods Manifest.lock";
			outputFileListPaths = (
			);
			outputPaths = (
				"$(DERIVED_FILE_DIR)/Pods-PitchUITests-checkManifestLockResult.txt",
			);
			runOnlyForDeploymentPostprocessing = 0;
			shellPath = /bin/sh;
			shellScript = "diff \"${PODS_PODFILE_DIR_PATH}/Podfile.lock\" \"${PODS_ROOT}/Manifest.lock\" > /dev/null\nif [ $? != 0 ] ; then\n    # print error to STDERR\n    echo \"error: The sandbox is not in sync with the Podfile.lock. Run 'pod install' or update your CocoaPods installation.\" >&2\n    exit 1\nfi\n# This output is used by Xcode 'outputs' to avoid re-running this script phase.\necho \"SUCCESS\" > \"${SCRIPT_OUTPUT_FILE_0}\"\n";
			showEnvVarsInLog = 0;
		};
		FFB6FF91D014196E0ABA3385 /* [CP] Check Pods Manifest.lock */ = {
			isa = PBXShellScriptBuildPhase;
			buildActionMask = 2147483647;
			files = (
			);
			inputFileListPaths = (
			);
			inputPaths = (
				"${PODS_PODFILE_DIR_PATH}/Podfile.lock",
				"${PODS_ROOT}/Manifest.lock",
			);
			name = "[CP] Check Pods Manifest.lock";
			outputFileListPaths = (
			);
			outputPaths = (
				"$(DERIVED_FILE_DIR)/Pods-PitchTests-checkManifestLockResult.txt",
			);
			runOnlyForDeploymentPostprocessing = 0;
			shellPath = /bin/sh;
			shellScript = "diff \"${PODS_PODFILE_DIR_PATH}/Podfile.lock\" \"${PODS_ROOT}/Manifest.lock\" > /dev/null\nif [ $? != 0 ] ; then\n    # print error to STDERR\n    echo \"error: The sandbox is not in sync with the Podfile.lock. Run 'pod install' or update your CocoaPods installation.\" >&2\n    exit 1\nfi\n# This output is used by Xcode 'outputs' to avoid re-running this script phase.\necho \"SUCCESS\" > \"${SCRIPT_OUTPUT_FILE_0}\"\n";
			showEnvVarsInLog = 0;
		};
/* End PBXShellScriptBuildPhase section */

/* Begin PBXSourcesBuildPhase section */
		C138EDD322DFAD9F00AAA0D0 /* Sources */ = {
			isa = PBXSourcesBuildPhase;
			buildActionMask = 2147483647;
			files = (
				C1C3418222F4E60400A09666 /* Song.m in Sources */,
				C1616E0522EB920D004B536B /* EventListCell.m in Sources */,
				C1C3416622F0C21900A09666 /* LogoutCell.m in Sources */,
				C1616E4022F0A7D2004B536B /* Filters.m in Sources */,
				C1C3416D22F0E36500A09666 /* DragCell.m in Sources */,
				C1C3418622F8A96200A09666 /* MusicQueueTableViewCell.m in Sources */,
				06A909C222E67A0500CD2969 /* LocationCell.m in Sources */,
				780DB2E922EA12D200B78516 /* EventAnnotation.m in Sources */,
				C127D52722DFE699009963B0 /* ExploreViewController.m in Sources */,
				C14E19F522E23BD000883CFB /* DistanceCell.m in Sources */,
				C1C3416822F0C21900A09666 /* EventPictureCell.m in Sources */,
				C14E19FF22E23BF000883CFB /* AgeCell.m in Sources */,
				C1616E0F22EB98C8004B536B /* FirstLastNameCell.m in Sources */,
				C1C3417122F207BA00A09666 /* MusicQueueViewController.m in Sources */,
				C1C3417422F2083B00A09666 /* EventGalleryViewController.m in Sources */,
				C14E19ED22E23B8B00883CFB /* VibesCell.m in Sources */,
				C1C3416422F0C21900A09666 /* ApplyFiltersCell.m in Sources */,
				C1616E0022EB7322004B536B /* ProfileLinksCell.m in Sources */,
				78FC04B522E17C640049E0BD /* User.m in Sources */,
				C138EDDF22DFAD9F00AAA0D0 /* MasterViewController.m in Sources */,
				06A909C722E67A2200CD2969 /* PollsTitleCell.m in Sources */,
				C138EDEA22DFAD9F00AAA0D0 /* main.m in Sources */,
				78FC04B822E17C700049E0BD /* Event.m in Sources */,
				780DB2ED22EA24D800B78516 /* EventDetailsViewController.m in Sources */,
				780DB2DC22E6D02200B78516 /* DataHandling.m in Sources */,
				06A909B422E2300E00CD2969 /* Poll.m in Sources */,
				C1C3417722F3533D00A09666 /* SearchResult.m in Sources */,
				06A909D322E7B5DC00CD2969 /* CreateEventViewController.m in Sources */,
				C14E1A0D22E8D52E00883CFB /* LogInViewController.m in Sources */,
				781A941622ECB184002966B5 /* UserInSession.m in Sources */,
				C1616DFB22EB6C70004B536B /* BioCell.m in Sources */,
				C14E1A0822E276F400883CFB /* Vibes.m in Sources */,
				06A909CC22E67A3500CD2969 /* CustomPollCell.m in Sources */,
				C127D52C22DFE6A3009963B0 /* UserViewController.m in Sources */,
				C138EDDC22DFAD9F00AAA0D0 /* AppDelegate.m in Sources */,
				C1616E0A22EB931F004B536B /* EventsCollectionViewCell.m in Sources */,
				C1C3417E22F4E40800A09666 /* MusicQueueCollectionViewCell.m in Sources */,
				C14E1A0422E2768B00883CFB /* CustomCollectionViewCell.m in Sources */,
				C14E19FA22E23BE200883CFB /* NumberOfPeopleCell.m in Sources */,
				06A909B822E6792300CD2969 /* EventTitleCell.m in Sources */,
			);
			runOnlyForDeploymentPostprocessing = 0;
		};
		C138EDEB22DFAD9F00AAA0D0 /* Sources */ = {
			isa = PBXSourcesBuildPhase;
			buildActionMask = 2147483647;
			files = (
				C138EDF422DFAD9F00AAA0D0 /* PitchTests.m in Sources */,
			);
			runOnlyForDeploymentPostprocessing = 0;
		};
		C138EDF622DFAD9F00AAA0D0 /* Sources */ = {
			isa = PBXSourcesBuildPhase;
			buildActionMask = 2147483647;
			files = (
				C138EDFF22DFAD9F00AAA0D0 /* PitchUITests.m in Sources */,
			);
			runOnlyForDeploymentPostprocessing = 0;
		};
/* End PBXSourcesBuildPhase section */

/* Begin PBXTargetDependency section */
		C138EDF122DFAD9F00AAA0D0 /* PBXTargetDependency */ = {
			isa = PBXTargetDependency;
			target = C138EDD622DFAD9F00AAA0D0 /* Pitch */;
			targetProxy = C138EDF022DFAD9F00AAA0D0 /* PBXContainerItemProxy */;
		};
		C138EDFC22DFAD9F00AAA0D0 /* PBXTargetDependency */ = {
			isa = PBXTargetDependency;
			target = C138EDD622DFAD9F00AAA0D0 /* Pitch */;
			targetProxy = C138EDFB22DFAD9F00AAA0D0 /* PBXContainerItemProxy */;
		};
/* End PBXTargetDependency section */

/* Begin PBXVariantGroup section */
		C138EDE022DFAD9F00AAA0D0 /* Main.storyboard */ = {
			isa = PBXVariantGroup;
			children = (
				C138EDE122DFAD9F00AAA0D0 /* Base */,
			);
			name = Main.storyboard;
			sourceTree = "<group>";
		};
		C138EDE522DFAD9F00AAA0D0 /* LaunchScreen.storyboard */ = {
			isa = PBXVariantGroup;
			children = (
				C138EDE622DFAD9F00AAA0D0 /* Base */,
			);
			name = LaunchScreen.storyboard;
			sourceTree = "<group>";
		};
/* End PBXVariantGroup section */

/* Begin XCBuildConfiguration section */
		C138EE0122DFAD9F00AAA0D0 /* Debug */ = {
			isa = XCBuildConfiguration;
			buildSettings = {
				ALWAYS_SEARCH_USER_PATHS = NO;
				CLANG_ANALYZER_NONNULL = YES;
				CLANG_ANALYZER_NUMBER_OBJECT_CONVERSION = YES_AGGRESSIVE;
				CLANG_CXX_LANGUAGE_STANDARD = "gnu++14";
				CLANG_CXX_LIBRARY = "libc++";
				CLANG_ENABLE_MODULES = YES;
				CLANG_ENABLE_OBJC_ARC = YES;
				CLANG_ENABLE_OBJC_WEAK = YES;
				CLANG_WARN_BLOCK_CAPTURE_AUTORELEASING = YES;
				CLANG_WARN_BOOL_CONVERSION = YES;
				CLANG_WARN_COMMA = YES;
				CLANG_WARN_CONSTANT_CONVERSION = YES;
				CLANG_WARN_DEPRECATED_OBJC_IMPLEMENTATIONS = YES;
				CLANG_WARN_DIRECT_OBJC_ISA_USAGE = YES_ERROR;
				CLANG_WARN_DOCUMENTATION_COMMENTS = YES;
				CLANG_WARN_EMPTY_BODY = YES;
				CLANG_WARN_ENUM_CONVERSION = YES;
				CLANG_WARN_INFINITE_RECURSION = YES;
				CLANG_WARN_INT_CONVERSION = YES;
				CLANG_WARN_NON_LITERAL_NULL_CONVERSION = YES;
				CLANG_WARN_OBJC_IMPLICIT_RETAIN_SELF = YES;
				CLANG_WARN_OBJC_LITERAL_CONVERSION = YES;
				CLANG_WARN_OBJC_ROOT_CLASS = YES_ERROR;
				CLANG_WARN_RANGE_LOOP_ANALYSIS = YES;
				CLANG_WARN_STRICT_PROTOTYPES = YES;
				CLANG_WARN_SUSPICIOUS_MOVE = YES;
				CLANG_WARN_UNGUARDED_AVAILABILITY = YES_AGGRESSIVE;
				CLANG_WARN_UNREACHABLE_CODE = YES;
				CLANG_WARN__DUPLICATE_METHOD_MATCH = YES;
				CODE_SIGN_IDENTITY = "iPhone Developer";
				COPY_PHASE_STRIP = NO;
				DEBUG_INFORMATION_FORMAT = dwarf;
				ENABLE_STRICT_OBJC_MSGSEND = YES;
				ENABLE_TESTABILITY = YES;
				GCC_C_LANGUAGE_STANDARD = gnu11;
				GCC_DYNAMIC_NO_PIC = NO;
				GCC_NO_COMMON_BLOCKS = YES;
				GCC_OPTIMIZATION_LEVEL = 0;
				GCC_PREPROCESSOR_DEFINITIONS = (
					"DEBUG=1",
					"$(inherited)",
				);
				GCC_WARN_64_TO_32_BIT_CONVERSION = YES;
				GCC_WARN_ABOUT_RETURN_TYPE = YES_ERROR;
				GCC_WARN_UNDECLARED_SELECTOR = YES;
				GCC_WARN_UNINITIALIZED_AUTOS = YES_AGGRESSIVE;
				GCC_WARN_UNUSED_FUNCTION = YES;
				GCC_WARN_UNUSED_VARIABLE = YES;
				IPHONEOS_DEPLOYMENT_TARGET = 12.2;
				MTL_ENABLE_DEBUG_INFO = INCLUDE_SOURCE;
				MTL_FAST_MATH = YES;
				ONLY_ACTIVE_ARCH = YES;
				OTHER_LDFLAGS = "-ObjC";
				SDKROOT = iphoneos;
			};
			name = Debug;
		};
		C138EE0222DFAD9F00AAA0D0 /* Release */ = {
			isa = XCBuildConfiguration;
			buildSettings = {
				ALWAYS_SEARCH_USER_PATHS = NO;
				CLANG_ANALYZER_NONNULL = YES;
				CLANG_ANALYZER_NUMBER_OBJECT_CONVERSION = YES_AGGRESSIVE;
				CLANG_CXX_LANGUAGE_STANDARD = "gnu++14";
				CLANG_CXX_LIBRARY = "libc++";
				CLANG_ENABLE_MODULES = YES;
				CLANG_ENABLE_OBJC_ARC = YES;
				CLANG_ENABLE_OBJC_WEAK = YES;
				CLANG_WARN_BLOCK_CAPTURE_AUTORELEASING = YES;
				CLANG_WARN_BOOL_CONVERSION = YES;
				CLANG_WARN_COMMA = YES;
				CLANG_WARN_CONSTANT_CONVERSION = YES;
				CLANG_WARN_DEPRECATED_OBJC_IMPLEMENTATIONS = YES;
				CLANG_WARN_DIRECT_OBJC_ISA_USAGE = YES_ERROR;
				CLANG_WARN_DOCUMENTATION_COMMENTS = YES;
				CLANG_WARN_EMPTY_BODY = YES;
				CLANG_WARN_ENUM_CONVERSION = YES;
				CLANG_WARN_INFINITE_RECURSION = YES;
				CLANG_WARN_INT_CONVERSION = YES;
				CLANG_WARN_NON_LITERAL_NULL_CONVERSION = YES;
				CLANG_WARN_OBJC_IMPLICIT_RETAIN_SELF = YES;
				CLANG_WARN_OBJC_LITERAL_CONVERSION = YES;
				CLANG_WARN_OBJC_ROOT_CLASS = YES_ERROR;
				CLANG_WARN_RANGE_LOOP_ANALYSIS = YES;
				CLANG_WARN_STRICT_PROTOTYPES = YES;
				CLANG_WARN_SUSPICIOUS_MOVE = YES;
				CLANG_WARN_UNGUARDED_AVAILABILITY = YES_AGGRESSIVE;
				CLANG_WARN_UNREACHABLE_CODE = YES;
				CLANG_WARN__DUPLICATE_METHOD_MATCH = YES;
				CODE_SIGN_IDENTITY = "iPhone Developer";
				COPY_PHASE_STRIP = NO;
				DEBUG_INFORMATION_FORMAT = "dwarf-with-dsym";
				ENABLE_NS_ASSERTIONS = NO;
				ENABLE_STRICT_OBJC_MSGSEND = YES;
				GCC_C_LANGUAGE_STANDARD = gnu11;
				GCC_NO_COMMON_BLOCKS = YES;
				GCC_WARN_64_TO_32_BIT_CONVERSION = YES;
				GCC_WARN_ABOUT_RETURN_TYPE = YES_ERROR;
				GCC_WARN_UNDECLARED_SELECTOR = YES;
				GCC_WARN_UNINITIALIZED_AUTOS = YES_AGGRESSIVE;
				GCC_WARN_UNUSED_FUNCTION = YES;
				GCC_WARN_UNUSED_VARIABLE = YES;
				IPHONEOS_DEPLOYMENT_TARGET = 12.2;
				MTL_ENABLE_DEBUG_INFO = NO;
				MTL_FAST_MATH = YES;
				OTHER_LDFLAGS = "-ObjC";
				SDKROOT = iphoneos;
				VALIDATE_PRODUCT = YES;
			};
			name = Release;
		};
		C138EE0422DFAD9F00AAA0D0 /* Debug */ = {
			isa = XCBuildConfiguration;
			baseConfigurationReference = 0D890758ED881E4EF92ED47C /* Pods-Pitch.debug.xcconfig */;
			buildSettings = {
				ASSETCATALOG_COMPILER_APPICON_NAME = AppIcon;
				CODE_SIGN_STYLE = Automatic;
				DEVELOPMENT_TEAM = YKMZ8SL848;
				INFOPLIST_FILE = Pitch/Info.plist;
				LD_RUNPATH_SEARCH_PATHS = (
					"$(inherited)",
					"@executable_path/Frameworks",
				);
				PRODUCT_BUNDLE_IDENTIFIER = com.PitchFBU.Pitch;
				PRODUCT_NAME = "$(TARGET_NAME)";
				TARGETED_DEVICE_FAMILY = "1,2";
			};
			name = Debug;
		};
		C138EE0522DFAD9F00AAA0D0 /* Release */ = {
			isa = XCBuildConfiguration;
			baseConfigurationReference = C4164D6E91261C8ACB86B04F /* Pods-Pitch.release.xcconfig */;
			buildSettings = {
				ASSETCATALOG_COMPILER_APPICON_NAME = AppIcon;
				CODE_SIGN_STYLE = Automatic;
				DEVELOPMENT_TEAM = YKMZ8SL848;
				INFOPLIST_FILE = Pitch/Info.plist;
				LD_RUNPATH_SEARCH_PATHS = (
					"$(inherited)",
					"@executable_path/Frameworks",
				);
				PRODUCT_BUNDLE_IDENTIFIER = com.PitchFBU.Pitch;
				PRODUCT_NAME = "$(TARGET_NAME)";
				TARGETED_DEVICE_FAMILY = "1,2";
			};
			name = Release;
		};
		C138EE0722DFAD9F00AAA0D0 /* Debug */ = {
			isa = XCBuildConfiguration;
			baseConfigurationReference = 4A1CEDA789C916451CDD6B4A /* Pods-PitchTests.debug.xcconfig */;
			buildSettings = {
				BUNDLE_LOADER = "$(TEST_HOST)";
				CODE_SIGN_STYLE = Automatic;
				DEVELOPMENT_TEAM = YKMZ8SL848;
				INFOPLIST_FILE = PitchTests/Info.plist;
				LD_RUNPATH_SEARCH_PATHS = (
					"$(inherited)",
					"@executable_path/Frameworks",
					"@loader_path/Frameworks",
				);
				PRODUCT_BUNDLE_IDENTIFIER = com.PitchFBU.PitchTests;
				PRODUCT_NAME = "$(TARGET_NAME)";
				TARGETED_DEVICE_FAMILY = "1,2";
				TEST_HOST = "$(BUILT_PRODUCTS_DIR)/Pitch.app/Pitch";
			};
			name = Debug;
		};
		C138EE0822DFAD9F00AAA0D0 /* Release */ = {
			isa = XCBuildConfiguration;
			baseConfigurationReference = 0DA70478CF425F487B0CDAC3 /* Pods-PitchTests.release.xcconfig */;
			buildSettings = {
				BUNDLE_LOADER = "$(TEST_HOST)";
				CODE_SIGN_STYLE = Automatic;
				DEVELOPMENT_TEAM = YKMZ8SL848;
				INFOPLIST_FILE = PitchTests/Info.plist;
				LD_RUNPATH_SEARCH_PATHS = (
					"$(inherited)",
					"@executable_path/Frameworks",
					"@loader_path/Frameworks",
				);
				PRODUCT_BUNDLE_IDENTIFIER = com.PitchFBU.PitchTests;
				PRODUCT_NAME = "$(TARGET_NAME)";
				TARGETED_DEVICE_FAMILY = "1,2";
				TEST_HOST = "$(BUILT_PRODUCTS_DIR)/Pitch.app/Pitch";
			};
			name = Release;
		};
		C138EE0A22DFAD9F00AAA0D0 /* Debug */ = {
			isa = XCBuildConfiguration;
			baseConfigurationReference = F9BA054355C534259F27AF7E /* Pods-PitchUITests.debug.xcconfig */;
			buildSettings = {
				CODE_SIGN_STYLE = Automatic;
				DEVELOPMENT_TEAM = YKMZ8SL848;
				INFOPLIST_FILE = PitchUITests/Info.plist;
				LD_RUNPATH_SEARCH_PATHS = (
					"$(inherited)",
					"@executable_path/Frameworks",
					"@loader_path/Frameworks",
				);
				PRODUCT_BUNDLE_IDENTIFIER = com.PitchFBU.PitchUITests;
				PRODUCT_NAME = "$(TARGET_NAME)";
				TARGETED_DEVICE_FAMILY = "1,2";
				TEST_TARGET_NAME = Pitch;
			};
			name = Debug;
		};
		C138EE0B22DFAD9F00AAA0D0 /* Release */ = {
			isa = XCBuildConfiguration;
			baseConfigurationReference = C5A4F46338BC569996E17E1C /* Pods-PitchUITests.release.xcconfig */;
			buildSettings = {
				CODE_SIGN_STYLE = Automatic;
				DEVELOPMENT_TEAM = YKMZ8SL848;
				INFOPLIST_FILE = PitchUITests/Info.plist;
				LD_RUNPATH_SEARCH_PATHS = (
					"$(inherited)",
					"@executable_path/Frameworks",
					"@loader_path/Frameworks",
				);
				PRODUCT_BUNDLE_IDENTIFIER = com.PitchFBU.PitchUITests;
				PRODUCT_NAME = "$(TARGET_NAME)";
				TARGETED_DEVICE_FAMILY = "1,2";
				TEST_TARGET_NAME = Pitch;
			};
			name = Release;
		};
/* End XCBuildConfiguration section */

/* Begin XCConfigurationList section */
		C138EDD222DFAD9F00AAA0D0 /* Build configuration list for PBXProject "Pitch" */ = {
			isa = XCConfigurationList;
			buildConfigurations = (
				C138EE0122DFAD9F00AAA0D0 /* Debug */,
				C138EE0222DFAD9F00AAA0D0 /* Release */,
			);
			defaultConfigurationIsVisible = 0;
			defaultConfigurationName = Release;
		};
		C138EE0322DFAD9F00AAA0D0 /* Build configuration list for PBXNativeTarget "Pitch" */ = {
			isa = XCConfigurationList;
			buildConfigurations = (
				C138EE0422DFAD9F00AAA0D0 /* Debug */,
				C138EE0522DFAD9F00AAA0D0 /* Release */,
			);
			defaultConfigurationIsVisible = 0;
			defaultConfigurationName = Release;
		};
		C138EE0622DFAD9F00AAA0D0 /* Build configuration list for PBXNativeTarget "PitchTests" */ = {
			isa = XCConfigurationList;
			buildConfigurations = (
				C138EE0722DFAD9F00AAA0D0 /* Debug */,
				C138EE0822DFAD9F00AAA0D0 /* Release */,
			);
			defaultConfigurationIsVisible = 0;
			defaultConfigurationName = Release;
		};
		C138EE0922DFAD9F00AAA0D0 /* Build configuration list for PBXNativeTarget "PitchUITests" */ = {
			isa = XCConfigurationList;
			buildConfigurations = (
				C138EE0A22DFAD9F00AAA0D0 /* Debug */,
				C138EE0B22DFAD9F00AAA0D0 /* Release */,
			);
			defaultConfigurationIsVisible = 0;
			defaultConfigurationName = Release;
		};
/* End XCConfigurationList section */
	};
	rootObject = C138EDCF22DFAD9F00AAA0D0 /* Project object */;
}
